
Microsoft Visual Studio Solution File, Format Version 12.00
# Visual Studio 15
VisualStudioVersion = 15.0.27130.2010
MinimumVisualStudioVersion = 10.0.40219.1
Project("{2150E333-8FDC-42A3-9474-1A3956D46DE8}") = "0 - Presentation", "0 - Presentation", "{6049AD2C-43D2-49B2-8384-65B0F39C51FD}"
EndProject
Project("{2150E333-8FDC-42A3-9474-1A3956D46DE8}") = "1 - Application", "1 - Application", "{5CFE8F05-7977-459E-920E-2E4705C39523}"
EndProject
Project("{2150E333-8FDC-42A3-9474-1A3956D46DE8}") = "2 - Domain", "2 - Domain", "{246E2C89-C945-4FE1-9C8C-8C671BE35616}"
EndProject
Project("{2150E333-8FDC-42A3-9474-1A3956D46DE8}") = "3 - Infra", "3 - Infra", "{51FE89C6-3B5B-4D40-9805-2F93F30A0B05}"
EndProject
Project("{2150E333-8FDC-42A3-9474-1A3956D46DE8}") = "3.1 - CrossCutting", "3.1 - CrossCutting", "{9E436902-A5BD-4728-8E79-65ABC2835442}"
EndProject
Project("{2150E333-8FDC-42A3-9474-1A3956D46DE8}") = "3.2 - Data", "3.2 - Data", "{5C49DB24-5FD5-4E12-951B-1D0C90301DBE}"
EndProject
Project("{FAE04EC0-301F-11D3-BF4B-00C04F79EFBC}") = "CIFRAS.Application", "CIFRAS.Application\CIFRAS.Application.csproj", "{9A72EAE7-BE0C-4AF7-B745-B1069399A018}"
EndProject
Project("{FAE04EC0-301F-11D3-BF4B-00C04F79EFBC}") = "CIFRAS.Presentation", "CIFRAS.Presentation\CIFRAS.Presentation.csproj", "{CC9C8047-205F-452C-8905-EC607B3FCE5B}"
EndProject
Project("{FAE04EC0-301F-11D3-BF4B-00C04F79EFBC}") = "CIFRAS.Domain", "CIFRAS.Domain\CIFRAS.Domain.csproj", "{89B93432-177F-40EA-B446-07DB0CF37EA0}"
EndProject
Project("{FAE04EC0-301F-11D3-BF4B-00C04F79EFBC}") = "CIFRAS.Infra.Data", "CIFRAS.Infra.Data\CIFRAS.Infra.Data.csproj", "{C36E80F1-29E6-4208-9330-F9DC9E379BA7}"
EndProject
Project("{FAE04EC0-301F-11D3-BF4B-00C04F79EFBC}") = "CIFRAS.Infra.CrossCutting.Helpers", "CIFRAS.Infra.CrossCutting.Helpers\CIFRAS.Infra.CrossCutting.Helpers.csproj", "{7EB9319E-7B72-46F3-85F1-D81A2CDA8144}"
EndProject
Project("{FAE04EC0-301F-11D3-BF4B-00C04F79EFBC}") = "CIFRAS.Infra.CrossCutting.IoC", "CIFRAS.Infra.CrossCutting.IoC\CIFRAS.Infra.CrossCutting.IoC.csproj", "{D8E9A648-E76A-4390-B35B-ABD994D9BF0B}"
EndProject
Project("{FAE04EC0-301F-11D3-BF4B-00C04F79EFBC}") = "CIFRAS.Infra.CrossCutting.Security", "CIFRAS.Infra.CrossCutting.Security\CIFRAS.Infra.CrossCutting.Security.csproj", "{C42FD460-A3A9-48FC-8537-E4D65B6DC4ED}"
EndProject
Global
	GlobalSection(SolutionConfigurationPlatforms) = preSolution
		Debug|Any CPU = Debug|Any CPU
		Release|Any CPU = Release|Any CPU
	EndGlobalSection
	GlobalSection(ProjectConfigurationPlatforms) = postSolution
		{9A72EAE7-BE0C-4AF7-B745-B1069399A018}.Debug|Any CPU.ActiveCfg = Debug|Any CPU
		{9A72EAE7-BE0C-4AF7-B745-B1069399A018}.Debug|Any CPU.Build.0 = Debug|Any CPU
		{9A72EAE7-BE0C-4AF7-B745-B1069399A018}.Release|Any CPU.ActiveCfg = Release|Any CPU
		{9A72EAE7-BE0C-4AF7-B745-B1069399A018}.Release|Any CPU.Build.0 = Release|Any CPU
		{CC9C8047-205F-452C-8905-EC607B3FCE5B}.Debug|Any CPU.ActiveCfg = Debug|Any CPU
		{CC9C8047-205F-452C-8905-EC607B3FCE5B}.Debug|Any CPU.Build.0 = Debug|Any CPU
		{CC9C8047-205F-452C-8905-EC607B3FCE5B}.Release|Any CPU.ActiveCfg = Release|Any CPU
		{CC9C8047-205F-452C-8905-EC607B3FCE5B}.Release|Any CPU.Build.0 = Release|Any CPU
		{89B93432-177F-40EA-B446-07DB0CF37EA0}.Debug|Any CPU.ActiveCfg = Debug|Any CPU
		{89B93432-177F-40EA-B446-07DB0CF37EA0}.Debug|Any CPU.Build.0 = Debug|Any CPU
		{89B93432-177F-40EA-B446-07DB0CF37EA0}.Release|Any CPU.ActiveCfg = Release|Any CPU
		{89B93432-177F-40EA-B446-07DB0CF37EA0}.Release|Any CPU.Build.0 = Release|Any CPU
		{C36E80F1-29E6-4208-9330-F9DC9E379BA7}.Debug|Any CPU.ActiveCfg = Debug|Any CPU
		{C36E80F1-29E6-4208-9330-F9DC9E379BA7}.Debug|Any CPU.Build.0 = Debug|Any CPU
		{C36E80F1-29E6-4208-9330-F9DC9E379BA7}.Release|Any CPU.ActiveCfg = Release|Any CPU
		{C36E80F1-29E6-4208-9330-F9DC9E379BA7}.Release|Any CPU.Build.0 = Release|Any CPU
		{7EB9319E-7B72-46F3-85F1-D81A2CDA8144}.Debug|Any CPU.ActiveCfg = Debug|Any CPU
		{7EB9319E-7B72-46F3-85F1-D81A2CDA8144}.Debug|Any CPU.Build.0 = Debug|Any CPU
		{7EB9319E-7B72-46F3-85F1-D81A2CDA8144}.Release|Any CPU.ActiveCfg = Release|Any CPU
		{7EB9319E-7B72-46F3-85F1-D81A2CDA8144}.Release|Any CPU.Build.0 = Release|Any CPU
		{D8E9A648-E76A-4390-B35B-ABD994D9BF0B}.Debug|Any CPU.ActiveCfg = Debug|Any CPU
		{D8E9A648-E76A-4390-B35B-ABD994D9BF0B}.Debug|Any CPU.Build.0 = Debug|Any CPU
		{D8E9A648-E76A-4390-B35B-ABD994D9BF0B}.Release|Any CPU.ActiveCfg = Release|Any CPU
		{D8E9A648-E76A-4390-B35B-ABD994D9BF0B}.Release|Any CPU.Build.0 = Release|Any CPU
		{C42FD460-A3A9-48FC-8537-E4D65B6DC4ED}.Debug|Any CPU.ActiveCfg = Debug|Any CPU
		{C42FD460-A3A9-48FC-8537-E4D65B6DC4ED}.Debug|Any CPU.Build.0 = Debug|Any CPU
		{C42FD460-A3A9-48FC-8537-E4D65B6DC4ED}.Release|Any CPU.ActiveCfg = Release|Any CPU
		{C42FD460-A3A9-48FC-8537-E4D65B6DC4ED}.Release|Any CPU.Build.0 = Release|Any CPU
	EndGlobalSection
	GlobalSection(SolutionProperties) = preSolution
		HideSolutionNode = FALSE
	EndGlobalSection
	GlobalSection(NestedProjects) = preSolution
		{9E436902-A5BD-4728-8E79-65ABC2835442} = {51FE89C6-3B5B-4D40-9805-2F93F30A0B05}
		{5C49DB24-5FD5-4E12-951B-1D0C90301DBE} = {51FE89C6-3B5B-4D40-9805-2F93F30A0B05}
		{9A72EAE7-BE0C-4AF7-B745-B1069399A018} = {5CFE8F05-7977-459E-920E-2E4705C39523}
		{CC9C8047-205F-452C-8905-EC607B3FCE5B} = {6049AD2C-43D2-49B2-8384-65B0F39C51FD}
		{89B93432-177F-40EA-B446-07DB0CF37EA0} = {246E2C89-C945-4FE1-9C8C-8C671BE35616}
		{C36E80F1-29E6-4208-9330-F9DC9E379BA7} = {5C49DB24-5FD5-4E12-951B-1D0C90301DBE}
		{7EB9319E-7B72-46F3-85F1-D81A2CDA8144} = {9E436902-A5BD-4728-8E79-65ABC2835442}
		{D8E9A648-E76A-4390-B35B-ABD994D9BF0B} = {9E436902-A5BD-4728-8E79-65ABC2835442}
		{C42FD460-A3A9-48FC-8537-E4D65B6DC4ED} = {9E436902-A5BD-4728-8E79-65ABC2835442}
	EndGlobalSection
	GlobalSection(ExtensibilityGlobals) = postSolution
		SolutionGuid = {ED4950D0-D918-47D1-9B4C-3E5F64AA652B}
	EndGlobalSection
EndGlobal
